
Microsoft Visual Studio Solution File, Format Version 12.00
# Visual Studio Express 2013 for Windows Desktop
VisualStudioVersion = 12.0.21005.1
MinimumVisualStudioVersion = 10.0.40219.1
Project("{FAE04EC0-301F-11D3-BF4B-00C04F79EFBC}") = "ActiveTextureManagement", "ActiveTextureManagement\ActiveTextureManagement.csproj", "{838C3D0D-94A2-4D2A-9DDE-0C0D551309AD}"
EndProject
Project("{FAE04EC0-301F-11D3-BF4B-00C04F79EFBC}") = "LibSquishPort", "LibSquishPort\LibSquishPort.csproj", "{6EAA2286-2B54-4445-B553-78B67F497BA9}"
EndProject
Global
	GlobalSection(SolutionConfigurationPlatforms) = preSolution
		Debug|Any CPU = Debug|Any CPU
		Debug|Mixed Platforms = Debug|Mixed Platforms
		Debug|x64 = Debug|x64
		Debug|x86 = Debug|x86
		Release|Any CPU = Release|Any CPU
		Release|Mixed Platforms = Release|Mixed Platforms
		Release|x64 = Release|x64
		Release|x86 = Release|x86
	EndGlobalSection
	GlobalSection(ProjectConfigurationPlatforms) = postSolution
		{838C3D0D-94A2-4D2A-9DDE-0C0D551309AD}.Debug|Any CPU.ActiveCfg = Debug|Any CPU
		{838C3D0D-94A2-4D2A-9DDE-0C0D551309AD}.Debug|Any CPU.Build.0 = Debug|Any CPU
		{838C3D0D-94A2-4D2A-9DDE-0C0D551309AD}.Debug|Mixed Platforms.ActiveCfg = Debug|x86
		{838C3D0D-94A2-4D2A-9DDE-0C0D551309AD}.Debug|Mixed Platforms.Build.0 = Debug|x86
		{838C3D0D-94A2-4D2A-9DDE-0C0D551309AD}.Debug|x64.ActiveCfg = Debug|x64
		{838C3D0D-94A2-4D2A-9DDE-0C0D551309AD}.Debug|x64.Build.0 = Debug|x64
		{838C3D0D-94A2-4D2A-9DDE-0C0D551309AD}.Debug|x86.ActiveCfg = Debug|x86
		{838C3D0D-94A2-4D2A-9DDE-0C0D551309AD}.Debug|x86.Build.0 = Debug|x86
		{838C3D0D-94A2-4D2A-9DDE-0C0D551309AD}.Release|Any CPU.ActiveCfg = Release|Any CPU
		{838C3D0D-94A2-4D2A-9DDE-0C0D551309AD}.Release|Any CPU.Build.0 = Release|Any CPU
		{838C3D0D-94A2-4D2A-9DDE-0C0D551309AD}.Release|Mixed Platforms.ActiveCfg = Release|x86
		{838C3D0D-94A2-4D2A-9DDE-0C0D551309AD}.Release|Mixed Platforms.Build.0 = Release|x86
		{838C3D0D-94A2-4D2A-9DDE-0C0D551309AD}.Release|x64.ActiveCfg = Release|x64
		{838C3D0D-94A2-4D2A-9DDE-0C0D551309AD}.Release|x64.Build.0 = Release|x64
		{838C3D0D-94A2-4D2A-9DDE-0C0D551309AD}.Release|x86.ActiveCfg = Release|x86
		{838C3D0D-94A2-4D2A-9DDE-0C0D551309AD}.Release|x86.Build.0 = Release|x86
		{6EAA2286-2B54-4445-B553-78B67F497BA9}.Debug|Any CPU.ActiveCfg = Debug|Any CPU
		{6EAA2286-2B54-4445-B553-78B67F497BA9}.Debug|Any CPU.Build.0 = Debug|Any CPU
		{6EAA2286-2B54-4445-B553-78B67F497BA9}.Debug|Mixed Platforms.ActiveCfg = Debug|Any CPU
		{6EAA2286-2B54-4445-B553-78B67F497BA9}.Debug|Mixed Platforms.Build.0 = Debug|Any CPU
		{6EAA2286-2B54-4445-B553-78B67F497BA9}.Debug|x64.ActiveCfg = Debug|x64
		{6EAA2286-2B54-4445-B553-78B67F497BA9}.Debug|x86.ActiveCfg = Debug|x86
		{6EAA2286-2B54-4445-B553-78B67F497BA9}.Debug|x86.Build.0 = Debug|x86
		{6EAA2286-2B54-4445-B553-78B67F497BA9}.Release|Any CPU.ActiveCfg = Release|Any CPU
		{6EAA2286-2B54-4445-B553-78B67F497BA9}.Release|Any CPU.Build.0 = Release|Any CPU
		{6EAA2286-2B54-4445-B553-78B67F497BA9}.Release|Mixed Platforms.ActiveCfg = Release|Any CPU
		{6EAA2286-2B54-4445-B553-78B67F497BA9}.Release|Mixed Platforms.Build.0 = Release|Any CPU
		{6EAA2286-2B54-4445-B553-78B67F497BA9}.Release|x64.ActiveCfg = Release|Any CPU
		{6EAA2286-2B54-4445-B553-78B67F497BA9}.Release|x86.ActiveCfg = Release|Any CPU
	EndGlobalSection
	GlobalSection(SolutionProperties) = preSolution
		HideSolutionNode = FALSE
	EndGlobalSection
EndGlobal
